// !$*UTF8*$!
{
	archiveVersion = 1;
	classes = {
	};
	objectVersion = 51;
	objects = {

/* Begin PBXBuildFile section */
		1E03B0302A04FFCBB0AFA293 /* Pods_JayTalk2.framework in Frameworks */ = {isa = PBXBuildFile; fileRef = 527144AA775A8A1E02CA026A /* Pods_JayTalk2.framework */; };
		485327D824E2912D0054D725 /* AppDelegate.swift in Sources */ = {isa = PBXBuildFile; fileRef = 485327D724E2912D0054D725 /* AppDelegate.swift */; };
		485327DA24E2912D0054D725 /* SceneDelegate.swift in Sources */ = {isa = PBXBuildFile; fileRef = 485327D924E2912D0054D725 /* SceneDelegate.swift */; };
		485327DC24E2912D0054D725 /* ViewController.swift in Sources */ = {isa = PBXBuildFile; fileRef = 485327DB24E2912D0054D725 /* ViewController.swift */; };
		485327DF24E2912D0054D725 /* Main.storyboard in Resources */ = {isa = PBXBuildFile; fileRef = 485327DD24E2912D0054D725 /* Main.storyboard */; };
		485327E124E291300054D725 /* Assets.xcassets in Resources */ = {isa = PBXBuildFile; fileRef = 485327E024E291300054D725 /* Assets.xcassets */; };
		485327E424E291300054D725 /* LaunchScreen.storyboard in Resources */ = {isa = PBXBuildFile; fileRef = 485327E224E291300054D725 /* LaunchScreen.storyboard */; };
		485327EC24E2947C0054D725 /* GoogleService-Info.plist in Resources */ = {isa = PBXBuildFile; fileRef = 485327EB24E2947C0054D725 /* GoogleService-Info.plist */; };
		485327EE24E296B30054D725 /* RemoteConfigDefaults.plist in Resources */ = {isa = PBXBuildFile; fileRef = 485327ED24E296B30054D725 /* RemoteConfigDefaults.plist */; };
		485327F024E299A90054D725 /* LoginViewController.swift in Sources */ = {isa = PBXBuildFile; fileRef = 485327EF24E299A90054D725 /* LoginViewController.swift */; };
		485327F224E2AF1D0054D725 /* SignInViewController.swift in Sources */ = {isa = PBXBuildFile; fileRef = 485327F124E2AF1D0054D725 /* SignInViewController.swift */; };
		4896FAC324E56D5000C74E58 /* PeopleViewController.swift in Sources */ = {isa = PBXBuildFile; fileRef = 4896FAC224E56D5000C74E58 /* PeopleViewController.swift */; };
		4896FAC624E56EAE00C74E58 /* UserModel.swift in Sources */ = {isa = PBXBuildFile; fileRef = 4896FAC524E56EAE00C74E58 /* UserModel.swift */; };
/* End PBXBuildFile section */

/* Begin PBXFileReference section */
		02E94609E07ED0C5B136FB16 /* Pods-JayTalk2.release.xcconfig */ = {isa = PBXFileReference; includeInIndex = 1; lastKnownFileType = text.xcconfig; name = "Pods-JayTalk2.release.xcconfig"; path = "Target Support Files/Pods-JayTalk2/Pods-JayTalk2.release.xcconfig"; sourceTree = "<group>"; };
		485327D424E2912D0054D725 /* JayTalk2.app */ = {isa = PBXFileReference; explicitFileType = wrapper.application; includeInIndex = 0; path = JayTalk2.app; sourceTree = BUILT_PRODUCTS_DIR; };
		485327D724E2912D0054D725 /* AppDelegate.swift */ = {isa = PBXFileReference; lastKnownFileType = sourcecode.swift; path = AppDelegate.swift; sourceTree = "<group>"; };
		485327D924E2912D0054D725 /* SceneDelegate.swift */ = {isa = PBXFileReference; lastKnownFileType = sourcecode.swift; path = SceneDelegate.swift; sourceTree = "<group>"; };
		485327DB24E2912D0054D725 /* ViewController.swift */ = {isa = PBXFileReference; lastKnownFileType = sourcecode.swift; path = ViewController.swift; sourceTree = "<group>"; };
		485327DE24E2912D0054D725 /* Base */ = {isa = PBXFileReference; lastKnownFileType = file.storyboard; name = Base; path = Base.lproj/Main.storyboard; sourceTree = "<group>"; };
		485327E024E291300054D725 /* Assets.xcassets */ = {isa = PBXFileReference; lastKnownFileType = folder.assetcatalog; path = Assets.xcassets; sourceTree = "<group>"; };
		485327E324E291300054D725 /* Base */ = {isa = PBXFileReference; lastKnownFileType = file.storyboard; name = Base; path = Base.lproj/LaunchScreen.storyboard; sourceTree = "<group>"; };
		485327E524E291300054D725 /* Info.plist */ = {isa = PBXFileReference; lastKnownFileType = text.plist.xml; path = Info.plist; sourceTree = "<group>"; };
		485327EB24E2947C0054D725 /* GoogleService-Info.plist */ = {isa = PBXFileReference; fileEncoding = 4; lastKnownFileType = text.plist.xml; path = "GoogleService-Info.plist"; sourceTree = "<group>"; };
		485327ED24E296B30054D725 /* RemoteConfigDefaults.plist */ = {isa = PBXFileReference; lastKnownFileType = text.plist.xml; path = RemoteConfigDefaults.plist; sourceTree = "<group>"; };
		485327EF24E299A90054D725 /* LoginViewController.swift */ = {isa = PBXFileReference; lastKnownFileType = sourcecode.swift; path = LoginViewController.swift; sourceTree = "<group>"; };
		485327F124E2AF1D0054D725 /* SignInViewController.swift */ = {isa = PBXFileReference; lastKnownFileType = sourcecode.swift; path = SignInViewController.swift; sourceTree = "<group>"; };
		4896FAC224E56D5000C74E58 /* PeopleViewController.swift */ = {isa = PBXFileReference; lastKnownFileType = sourcecode.swift; path = PeopleViewController.swift; sourceTree = "<group>"; };
		4896FAC524E56EAE00C74E58 /* UserModel.swift */ = {isa = PBXFileReference; lastKnownFileType = sourcecode.swift; path = UserModel.swift; sourceTree = "<group>"; };
		527144AA775A8A1E02CA026A /* Pods_JayTalk2.framework */ = {isa = PBXFileReference; explicitFileType = wrapper.framework; includeInIndex = 0; path = Pods_JayTalk2.framework; sourceTree = BUILT_PRODUCTS_DIR; };
		A0155B6BE4B0BF53BAF29E95 /* Pods-JayTalk2.debug.xcconfig */ = {isa = PBXFileReference; includeInIndex = 1; lastKnownFileType = text.xcconfig; name = "Pods-JayTalk2.debug.xcconfig"; path = "Target Support Files/Pods-JayTalk2/Pods-JayTalk2.debug.xcconfig"; sourceTree = "<group>"; };
/* End PBXFileReference section */

/* Begin PBXFrameworksBuildPhase section */
		485327D124E2912D0054D725 /* Frameworks */ = {
			isa = PBXFrameworksBuildPhase;
			buildActionMask = 2147483647;
			files = (
				1E03B0302A04FFCBB0AFA293 /* Pods_JayTalk2.framework in Frameworks */,
			);
			runOnlyForDeploymentPostprocessing = 0;
		};
/* End PBXFrameworksBuildPhase section */

/* Begin PBXGroup section */
		485327CB24E2912D0054D725 = {
			isa = PBXGroup;
			children = (
				485327D624E2912D0054D725 /* JayTalk2 */,
				485327D524E2912D0054D725 /* Products */,
				7D8011A1D3CE9B7D3A860A81 /* Pods */,
				876F1EC8F4D8A46D63164A7C /* Frameworks */,
			);
			sourceTree = "<group>";
		};
		485327D524E2912D0054D725 /* Products */ = {
			isa = PBXGroup;
			children = (
				485327D424E2912D0054D725 /* JayTalk2.app */,
			);
			name = Products;
			sourceTree = "<group>";
		};
		485327D624E2912D0054D725 /* JayTalk2 */ = {
			isa = PBXGroup;
			children = (
				4896FAC424E56E9900C74E58 /* Model */,
				4896FAC124E56CFF00C74E58 /* TabBar */,
				485327D724E2912D0054D725 /* AppDelegate.swift */,
				485327D924E2912D0054D725 /* SceneDelegate.swift */,
				485327DB24E2912D0054D725 /* ViewController.swift */,
				485327EF24E299A90054D725 /* LoginViewController.swift */,
				485327F124E2AF1D0054D725 /* SignInViewController.swift */,
				485327DD24E2912D0054D725 /* Main.storyboard */,
				485327E024E291300054D725 /* Assets.xcassets */,
				485327E224E291300054D725 /* LaunchScreen.storyboard */,
				485327E524E291300054D725 /* Info.plist */,
				485327EB24E2947C0054D725 /* GoogleService-Info.plist */,
				485327ED24E296B30054D725 /* RemoteConfigDefaults.plist */,
			);
			path = JayTalk2;
			sourceTree = "<group>";
		};
		4896FAC124E56CFF00C74E58 /* TabBar */ = {
			isa = PBXGroup;
			children = (
				4896FAC224E56D5000C74E58 /* PeopleViewController.swift */,
			);
			path = TabBar;
			sourceTree = "<group>";
		};
		4896FAC424E56E9900C74E58 /* Model */ = {
			isa = PBXGroup;
			children = (
				4896FAC524E56EAE00C74E58 /* UserModel.swift */,
			);
			path = Model;
			sourceTree = "<group>";
		};
		7D8011A1D3CE9B7D3A860A81 /* Pods */ = {
			isa = PBXGroup;
			children = (
				A0155B6BE4B0BF53BAF29E95 /* Pods-JayTalk2.debug.xcconfig */,
				02E94609E07ED0C5B136FB16 /* Pods-JayTalk2.release.xcconfig */,
			);
			path = Pods;
			sourceTree = "<group>";
		};
		876F1EC8F4D8A46D63164A7C /* Frameworks */ = {
			isa = PBXGroup;
			children = (
				527144AA775A8A1E02CA026A /* Pods_JayTalk2.framework */,
			);
			name = Frameworks;
			sourceTree = "<group>";
		};
/* End PBXGroup section */

/* Begin PBXNativeTarget section */
		485327D324E2912D0054D725 /* JayTalk2 */ = {
			isa = PBXNativeTarget;
			buildConfigurationList = 485327E824E291300054D725 /* Build configuration list for PBXNativeTarget "JayTalk2" */;
			buildPhases = (
				0CC668C9FCCEF01DC5DB995E /* [CP] Check Pods Manifest.lock */,
				485327D024E2912D0054D725 /* Sources */,
				485327D124E2912D0054D725 /* Frameworks */,
				485327D224E2912D0054D725 /* Resources */,
				EB77A3A4F8710AF9AE825754 /* [CP] Embed Pods Frameworks */,
			);
			buildRules = (
			);
			dependencies = (
			);
			name = JayTalk2;
			productName = JayTalk2;
			productReference = 485327D424E2912D0054D725 /* JayTalk2.app */;
			productType = "com.apple.product-type.application";
		};
/* End PBXNativeTarget section */

/* Begin PBXProject section */
		485327CC24E2912D0054D725 /* Project object */ = {
			isa = PBXProject;
			attributes = {
				LastSwiftUpdateCheck = 1150;
				LastUpgradeCheck = 1150;
				ORGANIZATIONNAME = Jkookoo;
				TargetAttributes = {
					485327D324E2912D0054D725 = {
						CreatedOnToolsVersion = 11.5;
					};
				};
			};
			buildConfigurationList = 485327CF24E2912D0054D725 /* Build configuration list for PBXProject "JayTalk2" */;
			compatibilityVersion = "Xcode 9.3";
			developmentRegion = en;
			hasScannedForEncodings = 0;
			knownRegions = (
				en,
				Base,
			);
			mainGroup = 485327CB24E2912D0054D725;
			productRefGroup = 485327D524E2912D0054D725 /* Products */;
			projectDirPath = "";
			projectRoot = "";
			targets = (
				485327D324E2912D0054D725 /* JayTalk2 */,
			);
		};
/* End PBXProject section */

/* Begin PBXResourcesBuildPhase section */
		485327D224E2912D0054D725 /* Resources */ = {
			isa = PBXResourcesBuildPhase;
			buildActionMask = 2147483647;
			files = (
				485327E424E291300054D725 /* LaunchScreen.storyboard in Resources */,
				485327EE24E296B30054D725 /* RemoteConfigDefaults.plist in Resources */,
				485327E124E291300054D725 /* Assets.xcassets in Resources */,
				485327DF24E2912D0054D725 /* Main.storyboard in Resources */,
				485327EC24E2947C0054D725 /* GoogleService-Info.plist in Resources */,
			);
			runOnlyForDeploymentPostprocessing = 0;
		};
/* End PBXResourcesBuildPhase section */

/* Begin PBXShellScriptBuildPhase section */
		0CC668C9FCCEF01DC5DB995E /* [CP] Check Pods Manifest.lock */ = {
			isa = PBXShellScriptBuildPhase;
			buildActionMask = 2147483647;
			files = (
			);
			inputFileListPaths = (
			);
			inputPaths = (
				"${PODS_PODFILE_DIR_PATH}/Podfile.lock",
				"${PODS_ROOT}/Manifest.lock",
			);
			name = "[CP] Check Pods Manifest.lock";
			outputFileListPaths = (
			);
			outputPaths = (
				"$(DERIVED_FILE_DIR)/Pods-JayTalk2-checkManifestLockResult.txt",
			);
			runOnlyForDeploymentPostprocessing = 0;
			shellPath = /bin/sh;
			shellScript = "diff \"${PODS_PODFILE_DIR_PATH}/Podfile.lock\" \"${PODS_ROOT}/Manifest.lock\" > /dev/null\nif [ $? != 0 ] ; then\n    # print error to STDERR\n    echo \"error: The sandbox is not in sync with the Podfile.lock. Run 'pod install' or update your CocoaPods installation.\" >&2\n    exit 1\nfi\n# This output is used by Xcode 'outputs' to avoid re-running this script phase.\necho \"SUCCESS\" > \"${SCRIPT_OUTPUT_FILE_0}\"\n";
			showEnvVarsInLog = 0;
		};
		EB77A3A4F8710AF9AE825754 /* [CP] Embed Pods Frameworks */ = {
			isa = PBXShellScriptBuildPhase;
			buildActionMask = 2147483647;
			files = (
			);
			inputFileListPaths = (
				"${PODS_ROOT}/Target Support Files/Pods-JayTalk2/Pods-JayTalk2-frameworks-${CONFIGURATION}-input-files.xcfilelist",
			);
			name = "[CP] Embed Pods Frameworks";
			outputFileListPaths = (
				"${PODS_ROOT}/Target Support Files/Pods-JayTalk2/Pods-JayTalk2-frameworks-${CONFIGURATION}-output-files.xcfilelist",
			);
			runOnlyForDeploymentPostprocessing = 0;
			shellPath = /bin/sh;
			shellScript = "\"${PODS_ROOT}/Target Support Files/Pods-JayTalk2/Pods-JayTalk2-frameworks.sh\"\n";
			showEnvVarsInLog = 0;
		};
/* End PBXShellScriptBuildPhase section */

/* Begin PBXSourcesBuildPhase section */
		485327D024E2912D0054D725 /* Sources */ = {
			isa = PBXSourcesBuildPhase;
			buildActionMask = 2147483647;
			files = (
				485327F024E299A90054D725 /* LoginViewController.swift in Sources */,
				4896FAC624E56EAE00C74E58 /* UserModel.swift in Sources */,
				485327DC24E2912D0054D725 /* ViewController.swift in Sources */,
				485327D824E2912D0054D725 /* AppDelegate.swift in Sources */,
				485327F224E2AF1D0054D725 /* SignInViewController.swift in Sources */,
				485327DA24E2912D0054D725 /* SceneDelegate.swift in Sources */,
				4896FAC324E56D5000C74E58 /* PeopleViewController.swift in Sources */,
			);
			runOnlyForDeploymentPostprocessing = 0;
		};
/* End PBXSourcesBuildPhase section */

/* Begin PBXVariantGroup section */
		485327DD24E2912D0054D725 /* Main.storyboard */ = {
			isa = PBXVariantGroup;
			children = (
				485327DE24E2912D0054D725 /* Base */,
			);
			name = Main.storyboard;
			sourceTree = "<group>";
		};
		485327E224E291300054D725 /* LaunchScreen.storyboard */ = {
			isa = PBXVariantGroup;
			children = (
				485327E324E291300054D725 /* Base */,
			);
			name = LaunchScreen.storyboard;
			sourceTree = "<group>";
		};
/* End PBXVariantGroup section */

/* Begin XCBuildConfiguration section */
		485327E624E291300054D725 /* Debug */ = {
			isa = XCBuildConfiguration;
			buildSettings = {
				ALWAYS_SEARCH_USER_PATHS = NO;
				CLANG_ANALYZER_NONNULL = YES;
				CLANG_ANALYZER_NUMBER_OBJECT_CONVERSION = YES_AGGRESSIVE;
				CLANG_CXX_LANGUAGE_STANDARD = "gnu++14";
				CLANG_CXX_LIBRARY = "libc++";
				CLANG_ENABLE_MODULES = YES;
				CLANG_ENABLE_OBJC_ARC = YES;
				CLANG_ENABLE_OBJC_WEAK = YES;
				CLANG_WARN_BLOCK_CAPTURE_AUTORELEASING = YES;
				CLANG_WARN_BOOL_CONVERSION = YES;
				CLANG_WARN_COMMA = YES;
				CLANG_WARN_CONSTANT_CONVERSION = YES;
				CLANG_WARN_DEPRECATED_OBJC_IMPLEMENTATIONS = YES;
				CLANG_WARN_DIRECT_OBJC_ISA_USAGE = YES_ERROR;
				CLANG_WARN_DOCUMENTATION_COMMENTS = YES;
				CLANG_WARN_EMPTY_BODY = YES;
				CLANG_WARN_ENUM_CONVERSION = YES;
				CLANG_WARN_INFINITE_RECURSION = YES;
				CLANG_WARN_INT_CONVERSION = YES;
				CLANG_WARN_NON_LITERAL_NULL_CONVERSION = YES;
				CLANG_WARN_OBJC_IMPLICIT_RETAIN_SELF = YES;
				CLANG_WARN_OBJC_LITERAL_CONVERSION = YES;
				CLANG_WARN_OBJC_ROOT_CLASS = YES_ERROR;
				CLANG_WARN_RANGE_LOOP_ANALYSIS = YES;
				CLANG_WARN_STRICT_PROTOTYPES = YES;
				CLANG_WARN_SUSPICIOUS_MOVE = YES;
				CLANG_WARN_UNGUARDED_AVAILABILITY = YES_AGGRESSIVE;
				CLANG_WARN_UNREACHABLE_CODE = YES;
				CLANG_WARN__DUPLICATE_METHOD_MATCH = YES;
				COPY_PHASE_STRIP = NO;
				DEBUG_INFORMATION_FORMAT = dwarf;
				ENABLE_STRICT_OBJC_MSGSEND = YES;
				ENABLE_TESTABILITY = YES;
				GCC_C_LANGUAGE_STANDARD = gnu11;
				GCC_DYNAMIC_NO_PIC = NO;
				GCC_NO_COMMON_BLOCKS = YES;
				GCC_OPTIMIZATION_LEVEL = 0;
				GCC_PREPROCESSOR_DEFINITIONS = (
					"DEBUG=1",
					"$(inherited)",
				);
				GCC_WARN_64_TO_32_BIT_CONVERSION = YES;
				GCC_WARN_ABOUT_RETURN_TYPE = YES_ERROR;
				GCC_WARN_UNDECLARED_SELECTOR = YES;
				GCC_WARN_UNINITIALIZED_AUTOS = YES_AGGRESSIVE;
				GCC_WARN_UNUSED_FUNCTION = YES;
				GCC_WARN_UNUSED_VARIABLE = YES;
				IPHONEOS_DEPLOYMENT_TARGET = 13.5;
				MTL_ENABLE_DEBUG_INFO = INCLUDE_SOURCE;
				MTL_FAST_MATH = YES;
				ONLY_ACTIVE_ARCH = YES;
				SDKROOT = iphoneos;
				SWIFT_ACTIVE_COMPILATION_CONDITIONS = DEBUG;
				SWIFT_OPTIMIZATION_LEVEL = "-Onone";
			};
			name = Debug;
		};
		485327E724E291300054D725 /* Release */ = {
			isa = XCBuildConfiguration;
			buildSettings = {
				ALWAYS_SEARCH_USER_PATHS = NO;
				CLANG_ANALYZER_NONNULL = YES;
				CLANG_ANALYZER_NUMBER_OBJECT_CONVERSION = YES_AGGRESSIVE;
				CLANG_CXX_LANGUAGE_STANDARD = "gnu++14";
				CLANG_CXX_LIBRARY = "libc++";
				CLANG_ENABLE_MODULES = YES;
				CLANG_ENABLE_OBJC_ARC = YES;
				CLANG_ENABLE_OBJC_WEAK = YES;
				CLANG_WARN_BLOCK_CAPTURE_AUTORELEASING = YES;
				CLANG_WARN_BOOL_CONVERSION = YES;
				CLANG_WARN_COMMA = YES;
				CLANG_WARN_CONSTANT_CONVERSION = YES;
				CLANG_WARN_DEPRECATED_OBJC_IMPLEMENTATIONS = YES;
				CLANG_WARN_DIRECT_OBJC_ISA_USAGE = YES_ERROR;
				CLANG_WARN_DOCUMENTATION_COMMENTS = YES;
				CLANG_WARN_EMPTY_BODY = YES;
				CLANG_WARN_ENUM_CONVERSION = YES;
				CLANG_WARN_INFINITE_RECURSION = YES;
				CLANG_WARN_INT_CONVERSION = YES;
				CLANG_WARN_NON_LITERAL_NULL_CONVERSION = YES;
				CLANG_WARN_OBJC_IMPLICIT_RETAIN_SELF = YES;
				CLANG_WARN_OBJC_LITERAL_CONVERSION = YES;
				CLANG_WARN_OBJC_ROOT_CLASS = YES_ERROR;
				CLANG_WARN_RANGE_LOOP_ANALYSIS = YES;
				CLANG_WARN_STRICT_PROTOTYPES = YES;
				CLANG_WARN_SUSPICIOUS_MOVE = YES;
				CLANG_WARN_UNGUARDED_AVAILABILITY = YES_AGGRESSIVE;
				CLANG_WARN_UNREACHABLE_CODE = YES;
				CLANG_WARN__DUPLICATE_METHOD_MATCH = YES;
				COPY_PHASE_STRIP = NO;
				DEBUG_INFORMATION_FORMAT = "dwarf-with-dsym";
				ENABLE_NS_ASSERTIONS = NO;
				ENABLE_STRICT_OBJC_MSGSEND = YES;
				GCC_C_LANGUAGE_STANDARD = gnu11;
				GCC_NO_COMMON_BLOCKS = YES;
				GCC_WARN_64_TO_32_BIT_CONVERSION = YES;
				GCC_WARN_ABOUT_RETURN_TYPE = YES_ERROR;
				GCC_WARN_UNDECLARED_SELECTOR = YES;
				GCC_WARN_UNINITIALIZED_AUTOS = YES_AGGRESSIVE;
				GCC_WARN_UNUSED_FUNCTION = YES;
				GCC_WARN_UNUSED_VARIABLE = YES;
				IPHONEOS_DEPLOYMENT_TARGET = 13.5;
				MTL_ENABLE_DEBUG_INFO = NO;
				MTL_FAST_MATH = YES;
				SDKROOT = iphoneos;
				SWIFT_COMPILATION_MODE = wholemodule;
				SWIFT_OPTIMIZATION_LEVEL = "-O";
				VALIDATE_PRODUCT = YES;
			};
			name = Release;
		};
		485327E924E291300054D725 /* Debug */ = {
			isa = XCBuildConfiguration;
			baseConfigurationReference = A0155B6BE4B0BF53BAF29E95 /* Pods-JayTalk2.debug.xcconfig */;
			buildSettings = {
				ASSETCATALOG_COMPILER_APPICON_NAME = AppIcon;
				CODE_SIGN_STYLE = Automatic;
				DEVELOPMENT_TEAM = NNVHULJDG5;
				INFOPLIST_FILE = JayTalk2/Info.plist;
				LD_RUNPATH_SEARCH_PATHS = (
					"$(inherited)",
					"@executable_path/Frameworks",
				);
				PRODUCT_BUNDLE_IDENTIFIER = hcmlr21.JayTalk2;
				PRODUCT_NAME = "$(TARGET_NAME)";
				SWIFT_VERSION = 5.0;
				TARGETED_DEVICE_FAMILY = "1,2";
			};
			name = Debug;
		};
		485327EA24E291300054D725 /* Release */ = {
			isa = XCBuildConfiguration;
			baseConfigurationReference = 02E94609E07ED0C5B136FB16 /* Pods-JayTalk2.release.xcconfig */;
			buildSettings = {
				ASSETCATALOG_COMPILER_APPICON_NAME = AppIcon;
				CODE_SIGN_STYLE = Automatic;
				DEVELOPMENT_TEAM = NNVHULJDG5;
				INFOPLIST_FILE = JayTalk2/Info.plist;
				LD_RUNPATH_SEARCH_PATHS = (
					"$(inherited)",
					"@executable_path/Frameworks",
				);
				PRODUCT_BUNDLE_IDENTIFIER = hcmlr21.JayTalk2;
				PRODUCT_NAME = "$(TARGET_NAME)";
				SWIFT_VERSION = 5.0;
				TARGETED_DEVICE_FAMILY = "1,2";
			};
			name = Release;
		};
/* End XCBuildConfiguration section */

/* Begin XCConfigurationList section */
		485327CF24E2912D0054D725 /* Build configuration list for PBXProject "JayTalk2" */ = {
			isa = XCConfigurationList;
			buildConfigurations = (
				485327E624E291300054D725 /* Debug */,
				485327E724E291300054D725 /* Release */,
			);
			defaultConfigurationIsVisible = 0;
			defaultConfigurationName = Release;
		};
		485327E824E291300054D725 /* Build configuration list for PBXNativeTarget "JayTalk2" */ = {
			isa = XCConfigurationList;
			buildConfigurations = (
				485327E924E291300054D725 /* Debug */,
				485327EA24E291300054D725 /* Release */,
			);
			defaultConfigurationIsVisible = 0;
			defaultConfigurationName = Release;
		};
/* End XCConfigurationList section */
	};
	rootObject = 485327CC24E2912D0054D725 /* Project object */;
}
